// !$*UTF8*$!
{
	archiveVersion = 1;
	classes = {
	};
	objectVersion = 46;
	objects = {

/* Begin PBXBuildFile section */
		5F08AA2300279757C03271F7 /* Pods_UrlPreviewDemo.framework in Frameworks */ = {isa = PBXBuildFile; fileRef = 4D08EA5F27200FB2B2B3CD96 /* Pods_UrlPreviewDemo.framework */; };
		DE4B6F0F1C3E20770068EAF0 /* AppDelegate.swift in Sources */ = {isa = PBXBuildFile; fileRef = DE4B6F0E1C3E20770068EAF0 /* AppDelegate.swift */; };
		DE4B6F111C3E20770068EAF0 /* ViewController.swift in Sources */ = {isa = PBXBuildFile; fileRef = DE4B6F101C3E20770068EAF0 /* ViewController.swift */; };
		DE4B6F141C3E20770068EAF0 /* Main.storyboard in Resources */ = {isa = PBXBuildFile; fileRef = DE4B6F121C3E20770068EAF0 /* Main.storyboard */; };
		DE4B6F161C3E20770068EAF0 /* Assets.xcassets in Resources */ = {isa = PBXBuildFile; fileRef = DE4B6F151C3E20770068EAF0 /* Assets.xcassets */; };
		DE4B6F191C3E20770068EAF0 /* LaunchScreen.storyboard in Resources */ = {isa = PBXBuildFile; fileRef = DE4B6F171C3E20770068EAF0 /* LaunchScreen.storyboard */; };
		DE4B6F241C3E20770068EAF0 /* UrlPreviewDemoTests.swift in Sources */ = {isa = PBXBuildFile; fileRef = DE4B6F231C3E20770068EAF0 /* UrlPreviewDemoTests.swift */; };
		DE4B6F2F1C3E20770068EAF0 /* UrlPreviewDemoUITests.swift in Sources */ = {isa = PBXBuildFile; fileRef = DE4B6F2E1C3E20770068EAF0 /* UrlPreviewDemoUITests.swift */; };
		DE4B6F451C3E5BD10068EAF0 /* NSURL+URLPreview.swift in Sources */ = {isa = PBXBuildFile; fileRef = DE4B6F441C3E5BD10068EAF0 /* NSURL+URLPreview.swift */; };
/* End PBXBuildFile section */

/* Begin PBXContainerItemProxy section */
		DE4B6F201C3E20770068EAF0 /* PBXContainerItemProxy */ = {
			isa = PBXContainerItemProxy;
			containerPortal = DE4B6F031C3E20770068EAF0 /* Project object */;
			proxyType = 1;
			remoteGlobalIDString = DE4B6F0A1C3E20770068EAF0;
			remoteInfo = UrlPreviewDemo;
		};
		DE4B6F2B1C3E20770068EAF0 /* PBXContainerItemProxy */ = {
			isa = PBXContainerItemProxy;
			containerPortal = DE4B6F031C3E20770068EAF0 /* Project object */;
			proxyType = 1;
			remoteGlobalIDString = DE4B6F0A1C3E20770068EAF0;
			remoteInfo = UrlPreviewDemo;
		};
/* End PBXContainerItemProxy section */

/* Begin PBXFileReference section */
		4D08EA5F27200FB2B2B3CD96 /* Pods_UrlPreviewDemo.framework */ = {isa = PBXFileReference; explicitFileType = wrapper.framework; includeInIndex = 0; path = Pods_UrlPreviewDemo.framework; sourceTree = BUILT_PRODUCTS_DIR; };
		95582C163231470C62CE72B3 /* Pods-UrlPreviewDemo.debug.xcconfig */ = {isa = PBXFileReference; includeInIndex = 1; lastKnownFileType = text.xcconfig; name = "Pods-UrlPreviewDemo.debug.xcconfig"; path = "Pods/Target Support Files/Pods-UrlPreviewDemo/Pods-UrlPreviewDemo.debug.xcconfig"; sourceTree = "<group>"; };
		C06955FA7C29610C5E5D58A1 /* Pods-UrlPreviewDemo.release.xcconfig */ = {isa = PBXFileReference; includeInIndex = 1; lastKnownFileType = text.xcconfig; name = "Pods-UrlPreviewDemo.release.xcconfig"; path = "Pods/Target Support Files/Pods-UrlPreviewDemo/Pods-UrlPreviewDemo.release.xcconfig"; sourceTree = "<group>"; };
		DE4B6F0B1C3E20770068EAF0 /* UrlPreviewDemo.app */ = {isa = PBXFileReference; explicitFileType = wrapper.application; includeInIndex = 0; path = UrlPreviewDemo.app; sourceTree = BUILT_PRODUCTS_DIR; };
		DE4B6F0E1C3E20770068EAF0 /* AppDelegate.swift */ = {isa = PBXFileReference; lastKnownFileType = sourcecode.swift; path = AppDelegate.swift; sourceTree = "<group>"; };
		DE4B6F101C3E20770068EAF0 /* ViewController.swift */ = {isa = PBXFileReference; lastKnownFileType = sourcecode.swift; path = ViewController.swift; sourceTree = "<group>"; };
		DE4B6F131C3E20770068EAF0 /* Base */ = {isa = PBXFileReference; lastKnownFileType = file.storyboard; name = Base; path = Base.lproj/Main.storyboard; sourceTree = "<group>"; };
		DE4B6F151C3E20770068EAF0 /* Assets.xcassets */ = {isa = PBXFileReference; lastKnownFileType = folder.assetcatalog; path = Assets.xcassets; sourceTree = "<group>"; };
		DE4B6F181C3E20770068EAF0 /* Base */ = {isa = PBXFileReference; lastKnownFileType = file.storyboard; name = Base; path = Base.lproj/LaunchScreen.storyboard; sourceTree = "<group>"; };
		DE4B6F1A1C3E20770068EAF0 /* Info.plist */ = {isa = PBXFileReference; lastKnownFileType = text.plist.xml; path = Info.plist; sourceTree = "<group>"; };
		DE4B6F1F1C3E20770068EAF0 /* UrlPreviewDemoTests.xctest */ = {isa = PBXFileReference; explicitFileType = wrapper.cfbundle; includeInIndex = 0; path = UrlPreviewDemoTests.xctest; sourceTree = BUILT_PRODUCTS_DIR; };
		DE4B6F231C3E20770068EAF0 /* UrlPreviewDemoTests.swift */ = {isa = PBXFileReference; lastKnownFileType = sourcecode.swift; path = UrlPreviewDemoTests.swift; sourceTree = "<group>"; };
		DE4B6F251C3E20770068EAF0 /* Info.plist */ = {isa = PBXFileReference; lastKnownFileType = text.plist.xml; path = Info.plist; sourceTree = "<group>"; };
		DE4B6F2A1C3E20770068EAF0 /* UrlPreviewDemoUITests.xctest */ = {isa = PBXFileReference; explicitFileType = wrapper.cfbundle; includeInIndex = 0; path = UrlPreviewDemoUITests.xctest; sourceTree = BUILT_PRODUCTS_DIR; };
		DE4B6F2E1C3E20770068EAF0 /* UrlPreviewDemoUITests.swift */ = {isa = PBXFileReference; lastKnownFileType = sourcecode.swift; path = UrlPreviewDemoUITests.swift; sourceTree = "<group>"; };
		DE4B6F301C3E20770068EAF0 /* Info.plist */ = {isa = PBXFileReference; lastKnownFileType = text.plist.xml; path = Info.plist; sourceTree = "<group>"; };
		DE4B6F441C3E5BD10068EAF0 /* NSURL+URLPreview.swift */ = {isa = PBXFileReference; fileEncoding = 4; lastKnownFileType = sourcecode.swift; path = "NSURL+URLPreview.swift"; sourceTree = "<group>"; };
/* End PBXFileReference section */

/* Begin PBXFrameworksBuildPhase section */
		DE4B6F081C3E20770068EAF0 /* Frameworks */ = {
			isa = PBXFrameworksBuildPhase;
			buildActionMask = 2147483647;
			files = (
				5F08AA2300279757C03271F7 /* Pods_UrlPreviewDemo.framework in Frameworks */,
			);
			runOnlyForDeploymentPostprocessing = 0;
		};
		DE4B6F1C1C3E20770068EAF0 /* Frameworks */ = {
			isa = PBXFrameworksBuildPhase;
			buildActionMask = 2147483647;
			files = (
			);
			runOnlyForDeploymentPostprocessing = 0;
		};
		DE4B6F271C3E20770068EAF0 /* Frameworks */ = {
			isa = PBXFrameworksBuildPhase;
			buildActionMask = 2147483647;
			files = (
			);
			runOnlyForDeploymentPostprocessing = 0;
		};
/* End PBXFrameworksBuildPhase section */

/* Begin PBXGroup section */
		6F4EFFA9C3968A525892D2A1 /* Pods */ = {
			isa = PBXGroup;
			children = (
				95582C163231470C62CE72B3 /* Pods-UrlPreviewDemo.debug.xcconfig */,
				C06955FA7C29610C5E5D58A1 /* Pods-UrlPreviewDemo.release.xcconfig */,
			);
			name = Pods;
			sourceTree = "<group>";
		};
		DE4B6F021C3E20770068EAF0 = {
			isa = PBXGroup;
			children = (
				DE4B6F0D1C3E20770068EAF0 /* UrlPreviewDemo */,
				DE4B6F221C3E20770068EAF0 /* UrlPreviewDemoTests */,
				DE4B6F2D1C3E20770068EAF0 /* UrlPreviewDemoUITests */,
				DE4B6F0C1C3E20770068EAF0 /* Products */,
				6F4EFFA9C3968A525892D2A1 /* Pods */,
				E58D23ED4E41B78E3A93872F /* Frameworks */,
			);
			sourceTree = "<group>";
		};
		DE4B6F0C1C3E20770068EAF0 /* Products */ = {
			isa = PBXGroup;
			children = (
				DE4B6F0B1C3E20770068EAF0 /* UrlPreviewDemo.app */,
				DE4B6F1F1C3E20770068EAF0 /* UrlPreviewDemoTests.xctest */,
				DE4B6F2A1C3E20770068EAF0 /* UrlPreviewDemoUITests.xctest */,
			);
			name = Products;
			sourceTree = "<group>";
		};
		DE4B6F0D1C3E20770068EAF0 /* UrlPreviewDemo */ = {
			isa = PBXGroup;
			children = (
				DE4B6F431C3E5BD10068EAF0 /* Source */,
				DE4B6F0E1C3E20770068EAF0 /* AppDelegate.swift */,
				DE4B6F101C3E20770068EAF0 /* ViewController.swift */,
				DE4B6F121C3E20770068EAF0 /* Main.storyboard */,
				DE4B6F151C3E20770068EAF0 /* Assets.xcassets */,
				DE4B6F171C3E20770068EAF0 /* LaunchScreen.storyboard */,
				DE4B6F1A1C3E20770068EAF0 /* Info.plist */,
			);
			path = UrlPreviewDemo;
			sourceTree = "<group>";
		};
		DE4B6F221C3E20770068EAF0 /* UrlPreviewDemoTests */ = {
			isa = PBXGroup;
			children = (
				DE4B6F231C3E20770068EAF0 /* UrlPreviewDemoTests.swift */,
				DE4B6F251C3E20770068EAF0 /* Info.plist */,
			);
			path = UrlPreviewDemoTests;
			sourceTree = "<group>";
		};
		DE4B6F2D1C3E20770068EAF0 /* UrlPreviewDemoUITests */ = {
			isa = PBXGroup;
			children = (
				DE4B6F2E1C3E20770068EAF0 /* UrlPreviewDemoUITests.swift */,
				DE4B6F301C3E20770068EAF0 /* Info.plist */,
			);
			path = UrlPreviewDemoUITests;
			sourceTree = "<group>";
		};
		DE4B6F431C3E5BD10068EAF0 /* Source */ = {
			isa = PBXGroup;
			children = (
				DE4B6F441C3E5BD10068EAF0 /* NSURL+URLPreview.swift */,
			);
			name = Source;
			path = ../../Source;
			sourceTree = "<group>";
		};
		E58D23ED4E41B78E3A93872F /* Frameworks */ = {
			isa = PBXGroup;
			children = (
				4D08EA5F27200FB2B2B3CD96 /* Pods_UrlPreviewDemo.framework */,
			);
			name = Frameworks;
			sourceTree = "<group>";
		};
/* End PBXGroup section */

/* Begin PBXNativeTarget section */
		DE4B6F0A1C3E20770068EAF0 /* UrlPreviewDemo */ = {
			isa = PBXNativeTarget;
			buildConfigurationList = DE4B6F331C3E20770068EAF0 /* Build configuration list for PBXNativeTarget "UrlPreviewDemo" */;
			buildPhases = (
				A06A0B9D64762B15DD3C09A4 /* Check Pods Manifest.lock */,
				DE4B6F071C3E20770068EAF0 /* Sources */,
				DE4B6F081C3E20770068EAF0 /* Frameworks */,
				DE4B6F091C3E20770068EAF0 /* Resources */,
				1724C28A3737D6D1BAA14D3A /* Embed Pods Frameworks */,
				74948A9C5081DF8DCD497DCC /* Copy Pods Resources */,
			);
			buildRules = (
			);
			dependencies = (
			);
			name = UrlPreviewDemo;
			productName = UrlPreviewDemo;
			productReference = DE4B6F0B1C3E20770068EAF0 /* UrlPreviewDemo.app */;
			productType = "com.apple.product-type.application";
		};
		DE4B6F1E1C3E20770068EAF0 /* UrlPreviewDemoTests */ = {
			isa = PBXNativeTarget;
			buildConfigurationList = DE4B6F361C3E20770068EAF0 /* Build configuration list for PBXNativeTarget "UrlPreviewDemoTests" */;
			buildPhases = (
				DE4B6F1B1C3E20770068EAF0 /* Sources */,
				DE4B6F1C1C3E20770068EAF0 /* Frameworks */,
				DE4B6F1D1C3E20770068EAF0 /* Resources */,
			);
			buildRules = (
			);
			dependencies = (
				DE4B6F211C3E20770068EAF0 /* PBXTargetDependency */,
			);
			name = UrlPreviewDemoTests;
			productName = UrlPreviewDemoTests;
			productReference = DE4B6F1F1C3E20770068EAF0 /* UrlPreviewDemoTests.xctest */;
			productType = "com.apple.product-type.bundle.unit-test";
		};
		DE4B6F291C3E20770068EAF0 /* UrlPreviewDemoUITests */ = {
			isa = PBXNativeTarget;
			buildConfigurationList = DE4B6F391C3E20770068EAF0 /* Build configuration list for PBXNativeTarget "UrlPreviewDemoUITests" */;
			buildPhases = (
				DE4B6F261C3E20770068EAF0 /* Sources */,
				DE4B6F271C3E20770068EAF0 /* Frameworks */,
				DE4B6F281C3E20770068EAF0 /* Resources */,
			);
			buildRules = (
			);
			dependencies = (
				DE4B6F2C1C3E20770068EAF0 /* PBXTargetDependency */,
			);
			name = UrlPreviewDemoUITests;
			productName = UrlPreviewDemoUITests;
			productReference = DE4B6F2A1C3E20770068EAF0 /* UrlPreviewDemoUITests.xctest */;
			productType = "com.apple.product-type.bundle.ui-testing";
		};
/* End PBXNativeTarget section */

/* Begin PBXProject section */
		DE4B6F031C3E20770068EAF0 /* Project object */ = {
			isa = PBXProject;
			attributes = {
				LastSwiftUpdateCheck = 0720;
				LastUpgradeCheck = 0720;
				ORGANIZATIONNAME = ichigo;
				TargetAttributes = {
					DE4B6F0A1C3E20770068EAF0 = {
						CreatedOnToolsVersion = 7.2;
					};
					DE4B6F1E1C3E20770068EAF0 = {
						CreatedOnToolsVersion = 7.2;
						TestTargetID = DE4B6F0A1C3E20770068EAF0;
					};
					DE4B6F291C3E20770068EAF0 = {
						CreatedOnToolsVersion = 7.2;
						TestTargetID = DE4B6F0A1C3E20770068EAF0;
					};
				};
			};
			buildConfigurationList = DE4B6F061C3E20770068EAF0 /* Build configuration list for PBXProject "UrlPreviewDemo" */;
			compatibilityVersion = "Xcode 3.2";
			developmentRegion = English;
			hasScannedForEncodings = 0;
			knownRegions = (
				en,
				Base,
			);
			mainGroup = DE4B6F021C3E20770068EAF0;
			productRefGroup = DE4B6F0C1C3E20770068EAF0 /* Products */;
			projectDirPath = "";
			projectRoot = "";
			targets = (
				DE4B6F0A1C3E20770068EAF0 /* UrlPreviewDemo */,
				DE4B6F1E1C3E20770068EAF0 /* UrlPreviewDemoTests */,
				DE4B6F291C3E20770068EAF0 /* UrlPreviewDemoUITests */,
			);
		};
/* End PBXProject section */

/* Begin PBXResourcesBuildPhase section */
		DE4B6F091C3E20770068EAF0 /* Resources */ = {
			isa = PBXResourcesBuildPhase;
			buildActionMask = 2147483647;
			files = (
				DE4B6F191C3E20770068EAF0 /* LaunchScreen.storyboard in Resources */,
				DE4B6F161C3E20770068EAF0 /* Assets.xcassets in Resources */,
				DE4B6F141C3E20770068EAF0 /* Main.storyboard in Resources */,
			);
			runOnlyForDeploymentPostprocessing = 0;
		};
		DE4B6F1D1C3E20770068EAF0 /* Resources */ = {
			isa = PBXResourcesBuildPhase;
			buildActionMask = 2147483647;
			files = (
			);
			runOnlyForDeploymentPostprocessing = 0;
		};
		DE4B6F281C3E20770068EAF0 /* Resources */ = {
			isa = PBXResourcesBuildPhase;
			buildActionMask = 2147483647;
			files = (
			);
			runOnlyForDeploymentPostprocessing = 0;
		};
/* End PBXResourcesBuildPhase section */

/* Begin PBXShellScriptBuildPhase section */
		1724C28A3737D6D1BAA14D3A /* Embed Pods Frameworks */ = {
			isa = PBXShellScriptBuildPhase;
			buildActionMask = 2147483647;
			files = (
			);
			inputPaths = (
			);
			name = "Embed Pods Frameworks";
			outputPaths = (
			);
			runOnlyForDeploymentPostprocessing = 0;
			shellPath = /bin/sh;
			shellScript = "\"${SRCROOT}/Pods/Target Support Files/Pods-UrlPreviewDemo/Pods-UrlPreviewDemo-frameworks.sh\"\n";
			showEnvVarsInLog = 0;
		};
		74948A9C5081DF8DCD497DCC /* Copy Pods Resources */ = {
			isa = PBXShellScriptBuildPhase;
			buildActionMask = 2147483647;
			files = (
			);
			inputPaths = (
			);
			name = "Copy Pods Resources";
			outputPaths = (
			);
			runOnlyForDeploymentPostprocessing = 0;
			shellPath = /bin/sh;
			shellScript = "\"${SRCROOT}/Pods/Target Support Files/Pods-UrlPreviewDemo/Pods-UrlPreviewDemo-resources.sh\"\n";
			showEnvVarsInLog = 0;
		};
		A06A0B9D64762B15DD3C09A4 /* Check Pods Manifest.lock */ = {
			isa = PBXShellScriptBuildPhase;
			buildActionMask = 2147483647;
			files = (
			);
			inputPaths = (
			);
			name = "Check Pods Manifest.lock";
			outputPaths = (
			);
			runOnlyForDeploymentPostprocessing = 0;
			shellPath = /bin/sh;
			shellScript = "diff \"${PODS_ROOT}/../Podfile.lock\" \"${PODS_ROOT}/Manifest.lock\" > /dev/null\nif [[ $? != 0 ]] ; then\n    cat << EOM\nerror: The sandbox is not in sync with the Podfile.lock. Run 'pod install' or update your CocoaPods installation.\nEOM\n    exit 1\nfi\n";
			showEnvVarsInLog = 0;
		};
/* End PBXShellScriptBuildPhase section */

/* Begin PBXSourcesBuildPhase section */
		DE4B6F071C3E20770068EAF0 /* Sources */ = {
			isa = PBXSourcesBuildPhase;
			buildActionMask = 2147483647;
			files = (
				DE4B6F111C3E20770068EAF0 /* ViewController.swift in Sources */,
				DE4B6F0F1C3E20770068EAF0 /* AppDelegate.swift in Sources */,
				DE4B6F451C3E5BD10068EAF0 /* NSURL+URLPreview.swift in Sources */,
			);
			runOnlyForDeploymentPostprocessing = 0;
		};
		DE4B6F1B1C3E20770068EAF0 /* Sources */ = {
			isa = PBXSourcesBuildPhase;
			buildActionMask = 2147483647;
			files = (
				DE4B6F241C3E20770068EAF0 /* UrlPreviewDemoTests.swift in Sources */,
			);
			runOnlyForDeploymentPostprocessing = 0;
		};
		DE4B6F261C3E20770068EAF0 /* Sources */ = {
			isa = PBXSourcesBuildPhase;
			buildActionMask = 2147483647;
			files = (
				DE4B6F2F1C3E20770068EAF0 /* UrlPreviewDemoUITests.swift in Sources */,
			);
			runOnlyForDeploymentPostprocessing = 0;
		};
/* End PBXSourcesBuildPhase section */

/* Begin PBXTargetDependency section */
		DE4B6F211C3E20770068EAF0 /* PBXTargetDependency */ = {
			isa = PBXTargetDependency;
			target = DE4B6F0A1C3E20770068EAF0 /* UrlPreviewDemo */;
			targetProxy = DE4B6F201C3E20770068EAF0 /* PBXContainerItemProxy */;
		};
		DE4B6F2C1C3E20770068EAF0 /* PBXTargetDependency */ = {
			isa = PBXTargetDependency;
			target = DE4B6F0A1C3E20770068EAF0 /* UrlPreviewDemo */;
			targetProxy = DE4B6F2B1C3E20770068EAF0 /* PBXContainerItemProxy */;
		};
/* End PBXTargetDependency section */

/* Begin PBXVariantGroup section */
		DE4B6F121C3E20770068EAF0 /* Main.storyboard */ = {
			isa = PBXVariantGroup;
			children = (
				DE4B6F131C3E20770068EAF0 /* Base */,
			);
			name = Main.storyboard;
			sourceTree = "<group>";
		};
		DE4B6F171C3E20770068EAF0 /* LaunchScreen.storyboard */ = {
			isa = PBXVariantGroup;
			children = (
				DE4B6F181C3E20770068EAF0 /* Base */,
			);
			name = LaunchScreen.storyboard;
			sourceTree = "<group>";
		};
/* End PBXVariantGroup section */

/* Begin XCBuildConfiguration section */
		DE4B6F311C3E20770068EAF0 /* Debug */ = {
			isa = XCBuildConfiguration;
			buildSettings = {
				ALWAYS_SEARCH_USER_PATHS = NO;
				CLANG_CXX_LANGUAGE_STANDARD = "gnu++0x";
				CLANG_CXX_LIBRARY = "libc++";
				CLANG_ENABLE_MODULES = YES;
				CLANG_ENABLE_OBJC_ARC = YES;
				CLANG_WARN_BOOL_CONVERSION = YES;
				CLANG_WARN_CONSTANT_CONVERSION = YES;
				CLANG_WARN_DIRECT_OBJC_ISA_USAGE = YES_ERROR;
				CLANG_WARN_EMPTY_BODY = YES;
				CLANG_WARN_ENUM_CONVERSION = YES;
				CLANG_WARN_INT_CONVERSION = YES;
				CLANG_WARN_OBJC_ROOT_CLASS = YES_ERROR;
				CLANG_WARN_UNREACHABLE_CODE = YES;
				CLANG_WARN__DUPLICATE_METHOD_MATCH = YES;
				"CODE_SIGN_IDENTITY[sdk=iphoneos*]" = "iPhone Developer";
				COPY_PHASE_STRIP = NO;
				DEBUG_INFORMATION_FORMAT = dwarf;
				ENABLE_STRICT_OBJC_MSGSEND = YES;
				ENABLE_TESTABILITY = YES;
				GCC_C_LANGUAGE_STANDARD = gnu99;
				GCC_DYNAMIC_NO_PIC = NO;
				GCC_NO_COMMON_BLOCKS = YES;
				GCC_OPTIMIZATION_LEVEL = 0;
				GCC_PREPROCESSOR_DEFINITIONS = (
					"DEBUG=1",
					"$(inherited)",
				);
				GCC_WARN_64_TO_32_BIT_CONVERSION = YES;
				GCC_WARN_ABOUT_RETURN_TYPE = YES_ERROR;
				GCC_WARN_UNDECLARED_SELECTOR = YES;
				GCC_WARN_UNINITIALIZED_AUTOS = YES_AGGRESSIVE;
				GCC_WARN_UNUSED_FUNCTION = YES;
				GCC_WARN_UNUSED_VARIABLE = YES;
				IPHONEOS_DEPLOYMENT_TARGET = 8.0;
				MTL_ENABLE_DEBUG_INFO = YES;
				ONLY_ACTIVE_ARCH = YES;
				SDKROOT = iphoneos;
				SWIFT_OPTIMIZATION_LEVEL = "-Onone";
			};
			name = Debug;
		};
		DE4B6F321C3E20770068EAF0 /* Release */ = {
			isa = XCBuildConfiguration;
			buildSettings = {
				ALWAYS_SEARCH_USER_PATHS = NO;
				CLANG_CXX_LANGUAGE_STANDARD = "gnu++0x";
				CLANG_CXX_LIBRARY = "libc++";
				CLANG_ENABLE_MODULES = YES;
				CLANG_ENABLE_OBJC_ARC = YES;
				CLANG_WARN_BOOL_CONVERSION = YES;
				CLANG_WARN_CONSTANT_CONVERSION = YES;
				CLANG_WARN_DIRECT_OBJC_ISA_USAGE = YES_ERROR;
				CLANG_WARN_EMPTY_BODY = YES;
				CLANG_WARN_ENUM_CONVERSION = YES;
				CLANG_WARN_INT_CONVERSION = YES;
				CLANG_WARN_OBJC_ROOT_CLASS = YES_ERROR;
				CLANG_WARN_UNREACHABLE_CODE = YES;
				CLANG_WARN__DUPLICATE_METHOD_MATCH = YES;
				"CODE_SIGN_IDENTITY[sdk=iphoneos*]" = "iPhone Developer";
				COPY_PHASE_STRIP = NO;
				DEBUG_INFORMATION_FORMAT = "dwarf-with-dsym";
				ENABLE_NS_ASSERTIONS = NO;
				ENABLE_STRICT_OBJC_MSGSEND = YES;
				GCC_C_LANGUAGE_STANDARD = gnu99;
				GCC_NO_COMMON_BLOCKS = YES;
				GCC_WARN_64_TO_32_BIT_CONVERSION = YES;
				GCC_WARN_ABOUT_RETURN_TYPE = YES_ERROR;
				GCC_WARN_UNDECLARED_SELECTOR = YES;
				GCC_WARN_UNINITIALIZED_AUTOS = YES_AGGRESSIVE;
				GCC_WARN_UNUSED_FUNCTION = YES;
				GCC_WARN_UNUSED_VARIABLE = YES;
				IPHONEOS_DEPLOYMENT_TARGET = 8.0;
				MTL_ENABLE_DEBUG_INFO = NO;
				SDKROOT = iphoneos;
				VALIDATE_PRODUCT = YES;
			};
			name = Release;
		};
		DE4B6F341C3E20770068EAF0 /* Debug */ = {
			isa = XCBuildConfiguration;
			baseConfigurationReference = 95582C163231470C62CE72B3 /* Pods-UrlPreviewDemo.debug.xcconfig */;
			buildSettings = {
				ASSETCATALOG_COMPILER_APPICON_NAME = AppIcon;
				INFOPLIST_FILE = UrlPreviewDemo/Info.plist;
				LD_RUNPATH_SEARCH_PATHS = "$(inherited) @executable_path/Frameworks";
				PRODUCT_BUNDLE_IDENTIFIER = com.ichigo.UrlPreviewDemo;
				PRODUCT_NAME = "$(TARGET_NAME)";
			};
			name = Debug;
		};
		DE4B6F351C3E20770068EAF0 /* Release */ = {
			isa = XCBuildConfiguration;
			baseConfigurationReference = C06955FA7C29610C5E5D58A1 /* Pods-UrlPreviewDemo.release.xcconfig */;
			buildSettings = {
				ASSETCATALOG_COMPILER_APPICON_NAME = AppIcon;
				INFOPLIST_FILE = UrlPreviewDemo/Info.plist;
				LD_RUNPATH_SEARCH_PATHS = "$(inherited) @executable_path/Frameworks";
				PRODUCT_BUNDLE_IDENTIFIER = com.ichigo.UrlPreviewDemo;
				PRODUCT_NAME = "$(TARGET_NAME)";
			};
			name = Release;
		};
		DE4B6F371C3E20770068EAF0 /* Debug */ = {
			isa = XCBuildConfiguration;
			buildSettings = {
				BUNDLE_LOADER = "$(TEST_HOST)";
				INFOPLIST_FILE = UrlPreviewDemoTests/Info.plist;
				LD_RUNPATH_SEARCH_PATHS = "$(inherited) @executable_path/Frameworks @loader_path/Frameworks";
				PRODUCT_BUNDLE_IDENTIFIER = com.ichigo.UrlPreviewDemoTests;
				PRODUCT_NAME = "$(TARGET_NAME)";
				TEST_HOST = "$(BUILT_PRODUCTS_DIR)/UrlPreviewDemo.app/UrlPreviewDemo";
			};
			name = Debug;
		};
		DE4B6F381C3E20770068EAF0 /* Release */ = {
			isa = XCBuildConfiguration;
			buildSettings = {
				BUNDLE_LOADER = "$(TEST_HOST)";
				INFOPLIST_FILE = UrlPreviewDemoTests/Info.plist;
				LD_RUNPATH_SEARCH_PATHS = "$(inherited) @executable_path/Frameworks @loader_path/Frameworks";
				PRODUCT_BUNDLE_IDENTIFIER = com.ichigo.UrlPreviewDemoTests;
				PRODUCT_NAME = "$(TARGET_NAME)";
				TEST_HOST = "$(BUILT_PRODUCTS_DIR)/UrlPreviewDemo.app/UrlPreviewDemo";
			};
			name = Release;
		};
		DE4B6F3A1C3E20770068EAF0 /* Debug */ = {
			isa = XCBuildConfiguration;
			buildSettings = {
				INFOPLIST_FILE = UrlPreviewDemoUITests/Info.plist;
				LD_RUNPATH_SEARCH_PATHS = "$(inherited) @executable_path/Frameworks @loader_path/Frameworks";
				PRODUCT_BUNDLE_IDENTIFIER = com.ichigo.UrlPreviewDemoUITests;
				PRODUCT_NAME = "$(TARGET_NAME)";
				TEST_TARGET_NAME = UrlPreviewDemo;
				USES_XCTRUNNER = YES;
			};
			name = Debug;
		};
		DE4B6F3B1C3E20770068EAF0 /* Release */ = {
			isa = XCBuildConfiguration;
			buildSettings = {
				INFOPLIST_FILE = UrlPreviewDemoUITests/Info.plist;
				LD_RUNPATH_SEARCH_PATHS = "$(inherited) @executable_path/Frameworks @loader_path/Frameworks";
				PRODUCT_BUNDLE_IDENTIFIER = com.ichigo.UrlPreviewDemoUITests;
				PRODUCT_NAME = "$(TARGET_NAME)";
				TEST_TARGET_NAME = UrlPreviewDemo;
				USES_XCTRUNNER = YES;
			};
			name = Release;
		};
/* End XCBuildConfiguration section */

/* Begin XCConfigurationList section */
		DE4B6F061C3E20770068EAF0 /* Build configuration list for PBXProject "UrlPreviewDemo" */ = {
			isa = XCConfigurationList;
			buildConfigurations = (
				DE4B6F311C3E20770068EAF0 /* Debug */,
				DE4B6F321C3E20770068EAF0 /* Release */,
			);
			defaultConfigurationIsVisible = 0;
			defaultConfigurationName = Release;
		};
		DE4B6F331C3E20770068EAF0 /* Build configuration list for PBXNativeTarget "UrlPreviewDemo" */ = {
			isa = XCConfigurationList;
			buildConfigurations = (
				DE4B6F341C3E20770068EAF0 /* Debug */,
				DE4B6F351C3E20770068EAF0 /* Release */,
			);
			defaultConfigurationIsVisible = 0;
			defaultConfigurationName = Release;
		};
		DE4B6F361C3E20770068EAF0 /* Build configuration list for PBXNativeTarget "UrlPreviewDemoTests" */ = {
			isa = XCConfigurationList;
			buildConfigurations = (
				DE4B6F371C3E20770068EAF0 /* Debug */,
				DE4B6F381C3E20770068EAF0 /* Release */,
			);
			defaultConfigurationIsVisible = 0;
			defaultConfigurationName = Release;
		};
		DE4B6F391C3E20770068EAF0 /* Build configuration list for PBXNativeTarget "UrlPreviewDemoUITests" */ = {
			isa = XCConfigurationList;
			buildConfigurations = (
				DE4B6F3A1C3E20770068EAF0 /* Debug */,
				DE4B6F3B1C3E20770068EAF0 /* Release */,
			);
			defaultConfigurationIsVisible = 0;
			defaultConfigurationName = Release;
		};
/* End XCConfigurationList section */
	};
	rootObject = DE4B6F031C3E20770068EAF0 /* Project object */;
}
