PODS:
  - Alamofire (4.9.1)
  - Kanna (4.0.3)

DEPENDENCIES:
  - Alamofire
  - Kanna

SPEC REPOS:
  https://github.com/CocoaPods/Specs.git:
    - Kanna
  trunk:
    - Alamofire

SPEC CHECKSUMS:
  Alamofire: 85e8a02c69d6020a0d734f6054870d7ecb75cf18
  Kanna: 0ebbdd0e7e3308f0aafbd569e79c8cadc5eb877c

PODFILE CHECKSUM: 4c0c79286583ee7f21d9980ba2b3872d36da623e

COCOAPODS: 1.9.3
